// !$*UTF8*$!
{
	archiveVersion = 1;
	classes = {
	};
	objectVersion = 46;
	objects = {

/* Begin PBXBuildFile section */
		1112A83D1A324808002B8CC1 /* TenPrintCoverView.m in Sources */ = {isa = PBXBuildFile; fileRef = CCAC4FEA195B3EAC00D775F5 /* TenPrintCoverView.m */; };
/* End PBXBuildFile section */

/* Begin PBXCopyFilesBuildPhase section */
		1112A8241A3247D2002B8CC1 /* CopyFiles */ = {
			isa = PBXCopyFilesBuildPhase;
			buildActionMask = 2147483647;
			dstPath = "include/$(PRODUCT_NAME)";
			dstSubfolderSpec = 16;
			files = (
			);
			runOnlyForDeploymentPostprocessing = 0;
		};
/* End PBXCopyFilesBuildPhase section */

/* Begin PBXFileReference section */
		1112A8261A3247D2002B8CC1 /* libTenPrintCover.a */ = {isa = PBXFileReference; explicitFileType = archive.ar; includeInIndex = 0; path = libTenPrintCover.a; sourceTree = BUILT_PRODUCTS_DIR; };
		CCAC4FB1195B3DD700D775F5 /* Foundation.framework */ = {isa = PBXFileReference; lastKnownFileType = wrapper.framework; name = Foundation.framework; path = System/Library/Frameworks/Foundation.framework; sourceTree = SDKROOT; };
		CCAC4FB3195B3DD700D775F5 /* CoreGraphics.framework */ = {isa = PBXFileReference; lastKnownFileType = wrapper.framework; name = CoreGraphics.framework; path = System/Library/Frameworks/CoreGraphics.framework; sourceTree = SDKROOT; };
		CCAC4FB5195B3DD700D775F5 /* UIKit.framework */ = {isa = PBXFileReference; lastKnownFileType = wrapper.framework; name = UIKit.framework; path = System/Library/Frameworks/UIKit.framework; sourceTree = SDKROOT; };
		CCAC4FD3195B3DD700D775F5 /* XCTest.framework */ = {isa = PBXFileReference; lastKnownFileType = wrapper.framework; name = XCTest.framework; path = Library/Frameworks/XCTest.framework; sourceTree = DEVELOPER_DIR; };
		CCAC4FE9195B3EAC00D775F5 /* TenPrintCoverView.h */ = {isa = PBXFileReference; fileEncoding = 4; lastKnownFileType = sourcecode.c.h; path = TenPrintCoverView.h; sourceTree = "<group>"; };
		CCAC4FEA195B3EAC00D775F5 /* TenPrintCoverView.m */ = {isa = PBXFileReference; fileEncoding = 4; lastKnownFileType = sourcecode.c.objc; path = TenPrintCoverView.m; sourceTree = "<group>"; };
/* End PBXFileReference section */

/* Begin PBXFrameworksBuildPhase section */
		1112A8231A3247D2002B8CC1 /* Frameworks */ = {
			isa = PBXFrameworksBuildPhase;
			buildActionMask = 2147483647;
			files = (
			);
			runOnlyForDeploymentPostprocessing = 0;
		};
/* End PBXFrameworksBuildPhase section */

/* Begin PBXGroup section */
		CCAC4FA5195B3DD700D775F5 = {
			isa = PBXGroup;
			children = (
				CCAC4FB7195B3DD700D775F5 /* TenPrintCover */,
				CCAC4FB0195B3DD700D775F5 /* Frameworks */,
				CCAC4FAF195B3DD700D775F5 /* Products */,
			);
			sourceTree = "<group>";
		};
		CCAC4FAF195B3DD700D775F5 /* Products */ = {
			isa = PBXGroup;
			children = (
				1112A8261A3247D2002B8CC1 /* libTenPrintCover.a */,
			);
			name = Products;
			sourceTree = "<group>";
		};
		CCAC4FB0195B3DD700D775F5 /* Frameworks */ = {
			isa = PBXGroup;
			children = (
				CCAC4FB1195B3DD700D775F5 /* Foundation.framework */,
				CCAC4FB3195B3DD700D775F5 /* CoreGraphics.framework */,
				CCAC4FB5195B3DD700D775F5 /* UIKit.framework */,
				CCAC4FD3195B3DD700D775F5 /* XCTest.framework */,
			);
			name = Frameworks;
			sourceTree = "<group>";
		};
		CCAC4FB7195B3DD700D775F5 /* TenPrintCover */ = {
			isa = PBXGroup;
			children = (
				CCAC4FE9195B3EAC00D775F5 /* TenPrintCoverView.h */,
				CCAC4FEA195B3EAC00D775F5 /* TenPrintCoverView.m */,
			);
			path = TenPrintCover;
			sourceTree = "<group>";
		};
/* End PBXGroup section */

/* Begin PBXNativeTarget section */
		1112A8251A3247D2002B8CC1 /* TenPrintCover */ = {
			isa = PBXNativeTarget;
			buildConfigurationList = 1112A8371A3247D2002B8CC1 /* Build configuration list for PBXNativeTarget "TenPrintCover" */;
			buildPhases = (
				1112A8221A3247D2002B8CC1 /* Sources */,
				1112A8231A3247D2002B8CC1 /* Frameworks */,
				1112A8241A3247D2002B8CC1 /* CopyFiles */,
			);
			buildRules = (
			);
			dependencies = (
			);
			name = TenPrintCover;
			productName = TenPrintCover;
			productReference = 1112A8261A3247D2002B8CC1 /* libTenPrintCover.a */;
			productType = "com.apple.product-type.library.static";
		};
/* End PBXNativeTarget section */

/* Begin PBXProject section */
		CCAC4FA6195B3DD700D775F5 /* Project object */ = {
			isa = PBXProject;
			attributes = {
				LastUpgradeCheck = 0510;
				ORGANIZATIONNAME = NYPL_Labs;
				TargetAttributes = {
					1112A8251A3247D2002B8CC1 = {
						CreatedOnToolsVersion = 6.1;
					};
				};
			};
			buildConfigurationList = CCAC4FA9195B3DD700D775F5 /* Build configuration list for PBXProject "TenPrintCover" */;
			compatibilityVersion = "Xcode 3.2";
			developmentRegion = English;
			hasScannedForEncodings = 0;
			knownRegions = (
				en,
				Base,
			);
			mainGroup = CCAC4FA5195B3DD700D775F5;
			productRefGroup = CCAC4FAF195B3DD700D775F5 /* Products */;
			projectDirPath = "";
			projectRoot = "";
			targets = (
				1112A8251A3247D2002B8CC1 /* TenPrintCover */,
			);
		};
/* End PBXProject section */

/* Begin PBXSourcesBuildPhase section */
		1112A8221A3247D2002B8CC1 /* Sources */ = {
			isa = PBXSourcesBuildPhase;
			buildActionMask = 2147483647;
			files = (
				1112A83D1A324808002B8CC1 /* TenPrintCoverView.m in Sources */,
			);
			runOnlyForDeploymentPostprocessing = 0;
		};
/* End PBXSourcesBuildPhase section */

/* Begin XCBuildConfiguration section */
		1112A8381A3247D2002B8CC1 /* Debug */ = {
			isa = XCBuildConfiguration;
			buildSettings = {
				CLANG_WARN_UNREACHABLE_CODE = YES;
				ENABLE_STRICT_OBJC_MSGSEND = YES;
				GCC_PREPROCESSOR_DEFINITIONS = (
					"DEBUG=1",
					"$(inherited)",
				);
				IPHONEOS_DEPLOYMENT_TARGET = 8.1;
				MTL_ENABLE_DEBUG_INFO = YES;
				OTHER_LDFLAGS = "-ObjC";
				PRODUCT_NAME = "$(TARGET_NAME)";
				SKIP_INSTALL = YES;
			};
			name = Debug;
		};
		1112A8391A3247D2002B8CC1 /* Release */ = {
			isa = XCBuildConfiguration;
			buildSettings = {
				CLANG_WARN_UNREACHABLE_CODE = YES;
				ENABLE_STRICT_OBJC_MSGSEND = YES;
				IPHONEOS_DEPLOYMENT_TARGET = 8.1;
				MTL_ENABLE_DEBUG_INFO = NO;
				OTHER_LDFLAGS = "-ObjC";
				PRODUCT_NAME = "$(TARGET_NAME)";
				SKIP_INSTALL = YES;
			};
			name = Release;
		};
		CCAC4FE1195B3DD700D775F5 /* Debug */ = {
			isa = XCBuildConfiguration;
			buildSettings = {
				ALWAYS_SEARCH_USER_PATHS = NO;
				CLANG_CXX_LANGUAGE_STANDARD = "gnu++0x";
				CLANG_CXX_LIBRARY = "libc++";
				CLANG_ENABLE_MODULES = YES;
				CLANG_ENABLE_OBJC_ARC = YES;
				CLANG_WARN_BOOL_CONVERSION = YES;
				CLANG_WARN_CONSTANT_CONVERSION = YES;
				CLANG_WARN_DIRECT_OBJC_ISA_USAGE = YES_ERROR;
				CLANG_WARN_EMPTY_BODY = YES;
				CLANG_WARN_ENUM_CONVERSION = YES;
				CLANG_WARN_INT_CONVERSION = YES;
				CLANG_WARN_OBJC_ROOT_CLASS = YES_ERROR;
				CLANG_WARN__DUPLICATE_METHOD_MATCH = YES;
				"CODE_SIGN_IDENTITY[sdk=iphoneos*]" = "iPhone Developer";
				COPY_PHASE_STRIP = NO;
				GCC_C_LANGUAGE_STANDARD = gnu99;
				GCC_DYNAMIC_NO_PIC = NO;
				GCC_OPTIMIZATION_LEVEL = 0;
				GCC_PREPROCESSOR_DEFINITIONS = (
					"DEBUG=1",
					"$(inherited)",
				);
				GCC_SYMBOLS_PRIVATE_EXTERN = NO;
				GCC_WARN_64_TO_32_BIT_CONVERSION = YES;
				GCC_WARN_ABOUT_RETURN_TYPE = YES_ERROR;
				GCC_WARN_UNDECLARED_SELECTOR = YES;
				GCC_WARN_UNINITIALIZED_AUTOS = YES_AGGRESSIVE;
				GCC_WARN_UNUSED_FUNCTION = YES;
				GCC_WARN_UNUSED_VARIABLE = YES;
				IPHONEOS_DEPLOYMENT_TARGET = 7.1;
				ONLY_ACTIVE_ARCH = YES;
				SDKROOT = iphoneos;
				TARGETED_DEVICE_FAMILY = "1,2";
			};
			name = Debug;
		};
		CCAC4FE2195B3DD700D775F5 /* Release */ = {
			isa = XCBuildConfiguration;
			buildSettings = {
				ALWAYS_SEARCH_USER_PATHS = NO;
				CLANG_CXX_LANGUAGE_STANDARD = "gnu++0x";
				CLANG_CXX_LIBRARY = "libc++";
				CLANG_ENABLE_MODULES = YES;
				CLANG_ENABLE_OBJC_ARC = YES;
				CLANG_WARN_BOOL_CONVERSION = YES;
				CLANG_WARN_CONSTANT_CONVERSION = YES;
				CLANG_WARN_DIRECT_OBJC_ISA_USAGE = YES_ERROR;
				CLANG_WARN_EMPTY_BODY = YES;
				CLANG_WARN_ENUM_CONVERSION = YES;
				CLANG_WARN_INT_CONVERSION = YES;
				CLANG_WARN_OBJC_ROOT_CLASS = YES_ERROR;
				CLANG_WARN__DUPLICATE_METHOD_MATCH = YES;
				"CODE_SIGN_IDENTITY[sdk=iphoneos*]" = "iPhone Developer";
				COPY_PHASE_STRIP = YES;
				ENABLE_NS_ASSERTIONS = NO;
				GCC_C_LANGUAGE_STANDARD = gnu99;
				GCC_WARN_64_TO_32_BIT_CONVERSION = YES;
				GCC_WARN_ABOUT_RETURN_TYPE = YES_ERROR;
				GCC_WARN_UNDECLARED_SELECTOR = YES;
				GCC_WARN_UNINITIALIZED_AUTOS = YES_AGGRESSIVE;
				GCC_WARN_UNUSED_FUNCTION = YES;
				GCC_WARN_UNUSED_VARIABLE = YES;
				IPHONEOS_DEPLOYMENT_TARGET = 7.1;
				SDKROOT = iphoneos;
				TARGETED_DEVICE_FAMILY = "1,2";
				VALIDATE_PRODUCT = YES;
			};
			name = Release;
		};
/* End XCBuildConfiguration section */

/* Begin XCConfigurationList section */
		1112A8371A3247D2002B8CC1 /* Build configuration list for PBXNativeTarget "TenPrintCover" */ = {
			isa = XCConfigurationList;
			buildConfigurations = (
				1112A8381A3247D2002B8CC1 /* Debug */,
				1112A8391A3247D2002B8CC1 /* Release */,
			);
			defaultConfigurationIsVisible = 0;
		};
		CCAC4FA9195B3DD700D775F5 /* Build configuration list for PBXProject "TenPrintCover" */ = {
			isa = XCConfigurationList;
			buildConfigurations = (
				CCAC4FE1195B3DD700D775F5 /* Debug */,
				CCAC4FE2195B3DD700D775F5 /* Release */,
			);
			defaultConfigurationIsVisible = 0;
			defaultConfigurationName = Release;
		};
/* End XCConfigurationList section */
	};
	rootObject = CCAC4FA6195B3DD700D775F5 /* Project object */;
}
